# THIS IS AN AUTOGENERATED FILE. DO NOT EDIT THIS FILE DIRECTLY.
# yarn lockfile v1


"@fortawesome/fontawesome-free@^5.9.0":
  version "5.9.0"
  resolved "https://registry.yarnpkg.com/@fortawesome/fontawesome-free/-/fontawesome-free-5.9.0.tgz#1aa5c59efb1b8c6eb6277d1e3e8c8f31998b8c8e"
  integrity sha512-g795BBEzM/Hq2SYNPm/NQTIp3IWd4eXSH0ds87Na2jnrAUFX3wkyZAI4Gwj9DOaWMuz2/01i8oWI7P7T/XLkhg==

bootbox@^5.3.2:
  version "5.3.2"
  resolved "https://registry.yarnpkg.com/bootbox/-/bootbox-5.3.2.tgz#f3117d80d70f4c94f1ea7724a687775fb9aef71a"
  integrity sha512-D1HEziBATs5NDTFCfWnr32IsMWZijwLt631gigtItS9B631c3h1H5kJIS/jPn0q6I+tG7K4JzdMeCGZ0FCsehQ==
  dependencies:
    bootstrap ">=3.0.0"
    jquery ">=1.12.0"
    popper.js ">=1.12.9"

bootstrap@4.3.1, bootstrap@>=3.0.0:
  version "4.3.1"
  resolved "https://registry.yarnpkg.com/bootstrap/-/bootstrap-4.3.1.tgz#280ca8f610504d99d7b6b4bfc4b68cec601704ac"
  integrity sha512-rXqOmH1VilAt2DyPzluTi2blhk17bO7ef+zLLPlWvG494pDxcM234pJ8wTc/6R40UWizAIIMgxjvxZg5kmsbag==

fastclick@1.*:
  version "1.0.6"
  resolved "https://registry.yarnpkg.com/fastclick/-/fastclick-1.0.6.tgz#161625b27b1a5806405936bda9a2c1926d06be6a"

jquery@>=1.12.0:
  version "3.4.1"
  resolved "https://registry.yarnpkg.com/jquery/-/jquery-3.4.1.tgz#714f1f8d9dde4bdfa55764ba37ef214630d80ef2"
  integrity sha512-36+AdBzCL+y6qjw5Tx7HgzeGCzC81MDDgaUP8ld2zhx58HdqXGoBd+tHdrBMiyjGQs0Hxs/MLZTu/eHNJJuWPw==

popper.js@>=1.12.9:
  version "1.15.0"
  resolved "https://registry.yarnpkg.com/popper.js/-/popper.js-1.15.0.tgz#5560b99bbad7647e9faa475c6b8056621f5a4ff2"
  integrity sha512-w010cY1oCUmI+9KwwlWki+r5jxKfTFDVoadl7MSrIujHU5MJ5OR6HTDj6Xo8aoR/QsA56x8jKjA59qGH4ELtrA==

popper.js@^1.12.6:
  version "1.12.6"
  resolved "https://registry.yarnpkg.com/popper.js/-/popper.js-1.12.6.tgz#91e12a97b07815258b76915d64044e8ac053d426"

sharer.js@^0.3.8:
  version "0.3.8"
  resolved "https://registry.yarnpkg.com/sharer.js/-/sharer.js-0.3.8.tgz#6932e748927ffdc2541879297c69a0d6f32fc637"
  integrity sha512-EToFteXLIzinnnUyW0S+x44sWeM7FINVlA5kv+ENT2jCYmfRyRVN9NTqc6Xyvg4YGknX5XkqTtMIqI/Kp+qLDw==
